
Microsoft Visual Studio Solution File, Format Version 12.00
# Visual Studio Version 16
VisualStudioVersion = 16.0.32228.343
MinimumVisualStudioVersion = 10.0.40219.1
Project("{FAE04EC0-301F-11D3-BF4B-00C04F79EFBC}") = "OrszagNepesseg", "OrszagNepesseg\OrszagNepesseg.csproj", "{541BDE7D-FCB1-4DD5-8180-5BCD44DCFAA2}"
EndProject
Global
	GlobalSection(SolutionConfigurationPlatforms) = preSolution
		Debug|Any CPU = Debug|Any CPU
		Release|Any CPU = Release|Any CPU
	EndGlobalSection
	GlobalSection(ProjectConfigurationPlatforms) = postSolution
		{541BDE7D-FCB1-4DD5-8180-5BCD44DCFAA2}.Debug|Any CPU.ActiveCfg = Debug|Any CPU
		{541BDE7D-FCB1-4DD5-8180-5BCD44DCFAA2}.Debug|Any CPU.Build.0 = Debug|Any CPU
		{541BDE7D-FCB1-4DD5-8180-5BCD44DCFAA2}.Release|Any CPU.ActiveCfg = Release|Any CPU
		{541BDE7D-FCB1-4DD5-8180-5BCD44DCFAA2}.Release|Any CPU.Build.0 = Release|Any CPU
	EndGlobalSection
	GlobalSection(SolutionProperties) = preSolution
		HideSolutionNode = FALSE
	EndGlobalSection
	GlobalSection(ExtensibilityGlobals) = postSolution
		SolutionGuid = {F3F78985-9462-4D70-9560-AEBCEA1CF068}
	EndGlobalSection
EndGlobal
